# THIS IS AN AUTOGENERATED FILE. DO NOT EDIT THIS FILE DIRECTLY.
# yarn lockfile v1


"@types/node@^16.4.6":
  version "16.4.6"
  resolved "https://registry.yarnpkg.com/@types/node/-/node-16.4.6.tgz#1734d119dfa8fede5606d35ae10f9fc9c84d889b"
  integrity sha512-FKyawK3o5KL16AwbeFajen8G4K3mmqUrQsehn5wNKs8IzlKHE8TfnSmILXVMVziAEcnB23u1RCFU1NT6hSyr7Q==

typescript@^4.3.5:
  version "4.3.5"
  resolved "https://registry.yarnpkg.com/typescript/-/typescript-4.3.5.tgz#4d1c37cc16e893973c45a06886b7113234f119f4"
  integrity sha512-DqQgihaQ9cUrskJo9kIyW/+g0Vxsk8cDtZ52a3NGh0YNTfpUSArXSohyUGnvbPazEPLu398C0UxmKSOrPumUzA==
